
Microsoft Visual Studio Solution File, Format Version 12.00
# Visual Studio Version 17
VisualStudioVersion = 17.4.33403.182
MinimumVisualStudioVersion = 10.0.40219.1
Project("{FAE04EC0-301F-11D3-BF4B-00C04F79EFBC}") = "APIDataProcessor", "APIDataProcessor\APIDataProcessor.csproj", "{6BD4ACC7-A8E1-489D-829F-AA67B8593A59}"
EndProject
Global
	GlobalSection(SolutionConfigurationPlatforms) = preSolution
		Debug|Any CPU = Debug|Any CPU
		Release|Any CPU = Release|Any CPU
	EndGlobalSection
	GlobalSection(ProjectConfigurationPlatforms) = postSolution
		{6BD4ACC7-A8E1-489D-829F-AA67B8593A59}.Debug|Any CPU.ActiveCfg = Debug|Any CPU
		{6BD4ACC7-A8E1-489D-829F-AA67B8593A59}.Debug|Any CPU.Build.0 = Debug|Any CPU
		{6BD4ACC7-A8E1-489D-829F-AA67B8593A59}.Release|Any CPU.ActiveCfg = Release|Any CPU
		{6BD4ACC7-A8E1-489D-829F-AA67B8593A59}.Release|Any CPU.Build.0 = Release|Any CPU
	EndGlobalSection
	GlobalSection(SolutionProperties) = preSolution
		HideSolutionNode = FALSE
	EndGlobalSection
	GlobalSection(ExtensibilityGlobals) = postSolution
		SolutionGuid = {05736AE3-E2BC-4660-9A80-755D716BCC21}
	EndGlobalSection
EndGlobal
